{
    "name": "@zw/remarklet",
    "version": "1.0.0",
    "lockfileVersion": 3,
    "requires": true,
    "packages": {
        "": {
            "name": "@zw/remarklet",
            "version": "1.0.0",
            "license": "MIT",
            "dependencies": {
                "interactjs": "^1.10.27"
            }
        },
        "node_modules/@interactjs/types": {
            "version": "1.10.27",
            "resolved": "https://registry.npmjs.org/@interactjs/types/-/types-1.10.27.tgz",
            "integrity": "sha512-BUdv0cvs4H5ODuwft2Xp4eL8Vmi3LcihK42z0Ft/FbVJZoRioBsxH+LlsBdK4tAie7PqlKGy+1oyOncu1nQ6eA==",
            "license": "MIT"
        },
        "node_modules/interactjs": {
            "version": "1.10.27",
            "resolved": "https://registry.npmjs.org/interactjs/-/interactjs-1.10.27.tgz",
            "integrity": "sha512-y/8RcCftGAF24gSp76X2JS3XpHiUvDQyhF8i7ujemBz77hwiHDuJzftHx7thY8cxGogwGiPJ+o97kWB6eAXnsA==",
            "license": "MIT",
            "dependencies": {
                "@interactjs/types": "1.10.27"
            }
        }
    }
}
